
Microsoft Visual Studio Solution File, Format Version 12.00
# Visual Studio Version 16
VisualStudioVersion = 16.0.32002.261
MinimumVisualStudioVersion = 10.0.40219.1
Project("{FAE04EC0-301F-11D3-BF4B-00C04F79EFBC}") = "LabSem3", "LabSem3\LabSem3.csproj", "{C8243DA0-F61D-4333-A544-780FAB1DBCD0}"
EndProject
Global
	GlobalSection(SolutionConfigurationPlatforms) = preSolution
		Debug|Any CPU = Debug|Any CPU
		Release|Any CPU = Release|Any CPU
	EndGlobalSection
	GlobalSection(ProjectConfigurationPlatforms) = postSolution
		{C8243DA0-F61D-4333-A544-780FAB1DBCD0}.Debug|Any CPU.ActiveCfg = Debug|Any CPU
		{C8243DA0-F61D-4333-A544-780FAB1DBCD0}.Debug|Any CPU.Build.0 = Debug|Any CPU
		{C8243DA0-F61D-4333-A544-780FAB1DBCD0}.Release|Any CPU.ActiveCfg = Release|Any CPU
		{C8243DA0-F61D-4333-A544-780FAB1DBCD0}.Release|Any CPU.Build.0 = Release|Any CPU
	EndGlobalSection
	GlobalSection(SolutionProperties) = preSolution
		HideSolutionNode = FALSE
	EndGlobalSection
	GlobalSection(ExtensibilityGlobals) = postSolution
		SolutionGuid = {3C974A50-D895-44D9-B719-0CD342B11D50}
	EndGlobalSection
EndGlobal
